{
  "name": "tsx-create-element",
  "version": "1.1.2",
  "lockfileVersion": 1,
  "requires": true,
  "dependencies": {
    "@types/decamelize": {
      "version": "1.2.0",
      "resolved": "https://registry.npmjs.org/@types/decamelize/-/decamelize-1.2.0.tgz",
      "integrity": "sha512-viw/LG++yGW9GP7ggfDpR+qpBz/NHFEbRTWNumTzebeUlURwfX+sjQfdfbiEoxXgJrj+1G8p4VN/bLquur7Hmg==",
      "dev": true
    },
    "@types/react": {
      "version": "16.4.2",
      "resolved": "https://registry.npmjs.org/@types/react/-/react-16.4.2.tgz",
      "integrity": "sha512-oVcVteCDNiVc/fkDjowRfAZQDEOR76j3CJ3FvwXNvfV6zJguhghy1lMgpAzYox+9AZsWch+JPV6Imml3wvIUeg==",
      "dev": true,
      "requires": {
        "csstype": "^2.2.0"
      }
    },
    "csstype": {
      "version": "2.5.6",
      "resolved": "https://registry.npmjs.org/csstype/-/csstype-2.5.6.tgz",
      "integrity": "sha512-tKPyhy0FmfYD2KQYXD5GzkvAYLYj96cMLXr648CKGd3wBe0QqoPipImjGiLze9c8leJK8J3n7ap90tpk3E6HGQ==",
      "dev": true
    },
    "decamelize": {
      "version": "2.0.0",
      "resolved": "https://registry.npmjs.org/decamelize/-/decamelize-2.0.0.tgz",
      "integrity": "sha512-Ikpp5scV3MSYxY39ymh45ZLEecsTdv/Xj2CaQfI8RLMuwi7XvjX9H/fhraiSuU+C5w5NTDu4ZU72xNiZnurBPg==",
      "requires": {
        "xregexp": "4.0.0"
      }
    },
    "typescript": {
      "version": "2.7.2",
      "resolved": "http://registry.npmjs.org/typescript/-/typescript-2.7.2.tgz",
      "integrity": "sha512-p5TCYZDAO0m4G344hD+wx/LATebLWZNkkh2asWUFqSsD2OrDNhbAHuSjobrmsUmdzjJjEeZVU9g1h3O6vpstnw==",
      "dev": true
    },
    "xregexp": {
      "version": "4.0.0",
      "resolved": "https://registry.npmjs.org/xregexp/-/xregexp-4.0.0.tgz",
      "integrity": "sha512-PHyM+sQouu7xspQQwELlGwwd05mXUFqwFYfqPO0cC7x4fxyHnnuetmQr6CjJiafIDoH4MogHb9dOoJzR/Y4rFg=="
    }
  }
}
